
Microsoft Visual Studio Solution File, Format Version 12.00
# Visual Studio Version 17
VisualStudioVersion = 17.14.36109.1 d17.14
MinimumVisualStudioVersion = 10.0.40219.1
Project("{FAE04EC0-301F-11D3-BF4B-00C04F79EFBC}") = "DE.DataLayer", "DE.DataLayer\DE.DataLayer.csproj", "{3BD632DF-CF55-40D1-B809-A03244B45BC9}"
EndProject
Project("{FAE04EC0-301F-11D3-BF4B-00C04F79EFBC}") = "DE.Client", "DE.Client\DE.Client.csproj", "{6DE1E186-171E-420C-B746-F9C9E30D2F7A}"
EndProject
Project("{FAE04EC0-301F-11D3-BF4B-00C04F79EFBC}") = "DE.Api", "DE.Api\DE.Api.csproj", "{453AFE5D-D9E1-44E5-AD16-F40957167FF9}"
EndProject
Global
	GlobalSection(SolutionConfigurationPlatforms) = preSolution
		Debug|Any CPU = Debug|Any CPU
		Release|Any CPU = Release|Any CPU
	EndGlobalSection
	GlobalSection(ProjectConfigurationPlatforms) = postSolution
		{3BD632DF-CF55-40D1-B809-A03244B45BC9}.Debug|Any CPU.ActiveCfg = Debug|Any CPU
		{3BD632DF-CF55-40D1-B809-A03244B45BC9}.Debug|Any CPU.Build.0 = Debug|Any CPU
		{3BD632DF-CF55-40D1-B809-A03244B45BC9}.Release|Any CPU.ActiveCfg = Release|Any CPU
		{3BD632DF-CF55-40D1-B809-A03244B45BC9}.Release|Any CPU.Build.0 = Release|Any CPU
		{6DE1E186-171E-420C-B746-F9C9E30D2F7A}.Debug|Any CPU.ActiveCfg = Debug|Any CPU
		{6DE1E186-171E-420C-B746-F9C9E30D2F7A}.Debug|Any CPU.Build.0 = Debug|Any CPU
		{6DE1E186-171E-420C-B746-F9C9E30D2F7A}.Release|Any CPU.ActiveCfg = Release|Any CPU
		{6DE1E186-171E-420C-B746-F9C9E30D2F7A}.Release|Any CPU.Build.0 = Release|Any CPU
		{453AFE5D-D9E1-44E5-AD16-F40957167FF9}.Debug|Any CPU.ActiveCfg = Debug|Any CPU
		{453AFE5D-D9E1-44E5-AD16-F40957167FF9}.Debug|Any CPU.Build.0 = Debug|Any CPU
		{453AFE5D-D9E1-44E5-AD16-F40957167FF9}.Release|Any CPU.ActiveCfg = Release|Any CPU
		{453AFE5D-D9E1-44E5-AD16-F40957167FF9}.Release|Any CPU.Build.0 = Release|Any CPU
	EndGlobalSection
	GlobalSection(SolutionProperties) = preSolution
		HideSolutionNode = FALSE
	EndGlobalSection
	GlobalSection(ExtensibilityGlobals) = postSolution
		SolutionGuid = {7CCCEF50-1F92-438B-A80E-663C0CCBF3E5}
	EndGlobalSection
EndGlobal
